// !$*UTF8*$!
{
	archiveVersion = 1;
	classes = {
	};
	objectVersion = 46;
	objects = {

/* Begin PBXBuildFile section */
		BBE3C8821B15BF4B00BB7118 /* main.m in Sources */ = {isa = PBXBuildFile; fileRef = BBE3C8811B15BF4B00BB7118 /* main.m */; };
		BBE3C8851B15BF4B00BB7118 /* AppDelegate.m in Sources */ = {isa = PBXBuildFile; fileRef = BBE3C8841B15BF4B00BB7118 /* AppDelegate.m */; };
		BBE3C8881B15BF4B00BB7118 /* ViewController.m in Sources */ = {isa = PBXBuildFile; fileRef = BBE3C8871B15BF4B00BB7118 /* ViewController.m */; };
		BBE3C88B1B15BF4B00BB7118 /* Main.storyboard in Resources */ = {isa = PBXBuildFile; fileRef = BBE3C8891B15BF4B00BB7118 /* Main.storyboard */; };
		BBE3C88D1B15BF4B00BB7118 /* Images.xcassets in Resources */ = {isa = PBXBuildFile; fileRef = BBE3C88C1B15BF4B00BB7118 /* Images.xcassets */; };
		BBE3C8901B15BF4B00BB7118 /* LaunchScreen.xib in Resources */ = {isa = PBXBuildFile; fileRef = BBE3C88E1B15BF4B00BB7118 /* LaunchScreen.xib */; };
		BBE3C89C1B15BF4B00BB7118 /* AttributorTests.m in Sources */ = {isa = PBXBuildFile; fileRef = BBE3C89B1B15BF4B00BB7118 /* AttributorTests.m */; };
/* End PBXBuildFile section */

/* Begin PBXContainerItemProxy section */
		BBE3C8961B15BF4B00BB7118 /* PBXContainerItemProxy */ = {
			isa = PBXContainerItemProxy;
			containerPortal = BBE3C8741B15BF4B00BB7118 /* Project object */;
			proxyType = 1;
			remoteGlobalIDString = BBE3C87B1B15BF4B00BB7118;
			remoteInfo = Attributor;
		};
/* End PBXContainerItemProxy section */

/* Begin PBXFileReference section */
		BBE3C87C1B15BF4B00BB7118 /* Attributor.app */ = {isa = PBXFileReference; explicitFileType = wrapper.application; includeInIndex = 0; path = Attributor.app; sourceTree = BUILT_PRODUCTS_DIR; };
		BBE3C8801B15BF4B00BB7118 /* Info.plist */ = {isa = PBXFileReference; lastKnownFileType = text.plist.xml; path = Info.plist; sourceTree = "<group>"; };
		BBE3C8811B15BF4B00BB7118 /* main.m */ = {isa = PBXFileReference; lastKnownFileType = sourcecode.c.objc; path = main.m; sourceTree = "<group>"; };
		BBE3C8831B15BF4B00BB7118 /* AppDelegate.h */ = {isa = PBXFileReference; lastKnownFileType = sourcecode.c.h; path = AppDelegate.h; sourceTree = "<group>"; };
		BBE3C8841B15BF4B00BB7118 /* AppDelegate.m */ = {isa = PBXFileReference; lastKnownFileType = sourcecode.c.objc; path = AppDelegate.m; sourceTree = "<group>"; };
		BBE3C8861B15BF4B00BB7118 /* ViewController.h */ = {isa = PBXFileReference; lastKnownFileType = sourcecode.c.h; path = ViewController.h; sourceTree = "<group>"; };
		BBE3C8871B15BF4B00BB7118 /* ViewController.m */ = {isa = PBXFileReference; lastKnownFileType = sourcecode.c.objc; path = ViewController.m; sourceTree = "<group>"; };
		BBE3C88A1B15BF4B00BB7118 /* Base */ = {isa = PBXFileReference; lastKnownFileType = file.storyboard; name = Base; path = Base.lproj/Main.storyboard; sourceTree = "<group>"; };
		BBE3C88C1B15BF4B00BB7118 /* Images.xcassets */ = {isa = PBXFileReference; lastKnownFileType = folder.assetcatalog; path = Images.xcassets; sourceTree = "<group>"; };
		BBE3C88F1B15BF4B00BB7118 /* Base */ = {isa = PBXFileReference; lastKnownFileType = file.xib; name = Base; path = Base.lproj/LaunchScreen.xib; sourceTree = "<group>"; };
		BBE3C8951B15BF4B00BB7118 /* AttributorTests.xctest */ = {isa = PBXFileReference; explicitFileType = wrapper.cfbundle; includeInIndex = 0; path = AttributorTests.xctest; sourceTree = BUILT_PRODUCTS_DIR; };
		BBE3C89A1B15BF4B00BB7118 /* Info.plist */ = {isa = PBXFileReference; lastKnownFileType = text.plist.xml; path = Info.plist; sourceTree = "<group>"; };
		BBE3C89B1B15BF4B00BB7118 /* AttributorTests.m */ = {isa = PBXFileReference; lastKnownFileType = sourcecode.c.objc; path = AttributorTests.m; sourceTree = "<group>"; };
/* End PBXFileReference section */

/* Begin PBXFrameworksBuildPhase section */
		BBE3C8791B15BF4B00BB7118 /* Frameworks */ = {
			isa = PBXFrameworksBuildPhase;
			buildActionMask = 2147483647;
			files = (
			);
			runOnlyForDeploymentPostprocessing = 0;
		};
		BBE3C8921B15BF4B00BB7118 /* Frameworks */ = {
			isa = PBXFrameworksBuildPhase;
			buildActionMask = 2147483647;
			files = (
			);
			runOnlyForDeploymentPostprocessing = 0;
		};
/* End PBXFrameworksBuildPhase section */

/* Begin PBXGroup section */
		BBE3C8731B15BF4B00BB7118 = {
			isa = PBXGroup;
			children = (
				BBE3C87E1B15BF4B00BB7118 /* Attributor */,
				BBE3C8981B15BF4B00BB7118 /* AttributorTests */,
				BBE3C87D1B15BF4B00BB7118 /* Products */,
			);
			sourceTree = "<group>";
		};
		BBE3C87D1B15BF4B00BB7118 /* Products */ = {
			isa = PBXGroup;
			children = (
				BBE3C87C1B15BF4B00BB7118 /* Attributor.app */,
				BBE3C8951B15BF4B00BB7118 /* AttributorTests.xctest */,
			);
			name = Products;
			sourceTree = "<group>";
		};
		BBE3C87E1B15BF4B00BB7118 /* Attributor */ = {
			isa = PBXGroup;
			children = (
				BBE3C8861B15BF4B00BB7118 /* ViewController.h */,
				BBE3C8871B15BF4B00BB7118 /* ViewController.m */,
				BBE3C8891B15BF4B00BB7118 /* Main.storyboard */,
				BBE3C88C1B15BF4B00BB7118 /* Images.xcassets */,
				BBE3C88E1B15BF4B00BB7118 /* LaunchScreen.xib */,
				BBE3C87F1B15BF4B00BB7118 /* Supporting Files */,
			);
			path = Attributor;
			sourceTree = "<group>";
		};
		BBE3C87F1B15BF4B00BB7118 /* Supporting Files */ = {
			isa = PBXGroup;
			children = (
				BBE3C8831B15BF4B00BB7118 /* AppDelegate.h */,
				BBE3C8841B15BF4B00BB7118 /* AppDelegate.m */,
				BBE3C8801B15BF4B00BB7118 /* Info.plist */,
				BBE3C8811B15BF4B00BB7118 /* main.m */,
			);
			name = "Supporting Files";
			sourceTree = "<group>";
		};
		BBE3C8981B15BF4B00BB7118 /* AttributorTests */ = {
			isa = PBXGroup;
			children = (
				BBE3C89B1B15BF4B00BB7118 /* AttributorTests.m */,
				BBE3C8991B15BF4B00BB7118 /* Supporting Files */,
			);
			path = AttributorTests;
			sourceTree = "<group>";
		};
		BBE3C8991B15BF4B00BB7118 /* Supporting Files */ = {
			isa = PBXGroup;
			children = (
				BBE3C89A1B15BF4B00BB7118 /* Info.plist */,
			);
			name = "Supporting Files";
			sourceTree = "<group>";
		};
/* End PBXGroup section */

/* Begin PBXNativeTarget section */
		BBE3C87B1B15BF4B00BB7118 /* Attributor */ = {
			isa = PBXNativeTarget;
			buildConfigurationList = BBE3C89F1B15BF4B00BB7118 /* Build configuration list for PBXNativeTarget "Attributor" */;
			buildPhases = (
				BBE3C8781B15BF4B00BB7118 /* Sources */,
				BBE3C8791B15BF4B00BB7118 /* Frameworks */,
				BBE3C87A1B15BF4B00BB7118 /* Resources */,
			);
			buildRules = (
			);
			dependencies = (
			);
			name = Attributor;
			productName = Attributor;
			productReference = BBE3C87C1B15BF4B00BB7118 /* Attributor.app */;
			productType = "com.apple.product-type.application";
		};
		BBE3C8941B15BF4B00BB7118 /* AttributorTests */ = {
			isa = PBXNativeTarget;
			buildConfigurationList = BBE3C8A21B15BF4B00BB7118 /* Build configuration list for PBXNativeTarget "AttributorTests" */;
			buildPhases = (
				BBE3C8911B15BF4B00BB7118 /* Sources */,
				BBE3C8921B15BF4B00BB7118 /* Frameworks */,
				BBE3C8931B15BF4B00BB7118 /* Resources */,
			);
			buildRules = (
			);
			dependencies = (
				BBE3C8971B15BF4B00BB7118 /* PBXTargetDependency */,
			);
			name = AttributorTests;
			productName = AttributorTests;
			productReference = BBE3C8951B15BF4B00BB7118 /* AttributorTests.xctest */;
			productType = "com.apple.product-type.bundle.unit-test";
		};
/* End PBXNativeTarget section */

/* Begin PBXProject section */
		BBE3C8741B15BF4B00BB7118 /* Project object */ = {
			isa = PBXProject;
			attributes = {
				LastUpgradeCheck = 0610;
				ORGANIZATIONNAME = Meng;
				TargetAttributes = {
					BBE3C87B1B15BF4B00BB7118 = {
						CreatedOnToolsVersion = 6.1.1;
					};
					BBE3C8941B15BF4B00BB7118 = {
						CreatedOnToolsVersion = 6.1.1;
						TestTargetID = BBE3C87B1B15BF4B00BB7118;
					};
				};
			};
			buildConfigurationList = BBE3C8771B15BF4B00BB7118 /* Build configuration list for PBXProject "Attributor" */;
			compatibilityVersion = "Xcode 3.2";
			developmentRegion = English;
			hasScannedForEncodings = 0;
			knownRegions = (
				en,
				Base,
			);
			mainGroup = BBE3C8731B15BF4B00BB7118;
			productRefGroup = BBE3C87D1B15BF4B00BB7118 /* Products */;
			projectDirPath = "";
			projectRoot = "";
			targets = (
				BBE3C87B1B15BF4B00BB7118 /* Attributor */,
				BBE3C8941B15BF4B00BB7118 /* AttributorTests */,
			);
		};
/* End PBXProject section */

/* Begin PBXResourcesBuildPhase section */
		BBE3C87A1B15BF4B00BB7118 /* Resources */ = {
			isa = PBXResourcesBuildPhase;
			buildActionMask = 2147483647;
			files = (
				BBE3C88B1B15BF4B00BB7118 /* Main.storyboard in Resources */,
				BBE3C8901B15BF4B00BB7118 /* LaunchScreen.xib in Resources */,
				BBE3C88D1B15BF4B00BB7118 /* Images.xcassets in Resources */,
			);
			runOnlyForDeploymentPostprocessing = 0;
		};
		BBE3C8931B15BF4B00BB7118 /* Resources */ = {
			isa = PBXResourcesBuildPhase;
			buildActionMask = 2147483647;
			files = (
			);
			runOnlyForDeploymentPostprocessing = 0;
		};
/* End PBXResourcesBuildPhase section */

/* Begin PBXSourcesBuildPhase section */
		BBE3C8781B15BF4B00BB7118 /* Sources */ = {
			isa = PBXSourcesBuildPhase;
			buildActionMask = 2147483647;
			files = (
				BBE3C8881B15BF4B00BB7118 /* ViewController.m in Sources */,
				BBE3C8851B15BF4B00BB7118 /* AppDelegate.m in Sources */,
				BBE3C8821B15BF4B00BB7118 /* main.m in Sources */,
			);
			runOnlyForDeploymentPostprocessing = 0;
		};
		BBE3C8911B15BF4B00BB7118 /* Sources */ = {
			isa = PBXSourcesBuildPhase;
			buildActionMask = 2147483647;
			files = (
				BBE3C89C1B15BF4B00BB7118 /* AttributorTests.m in Sources */,
			);
			runOnlyForDeploymentPostprocessing = 0;
		};
/* End PBXSourcesBuildPhase section */

/* Begin PBXTargetDependency section */
		BBE3C8971B15BF4B00BB7118 /* PBXTargetDependency */ = {
			isa = PBXTargetDependency;
			target = BBE3C87B1B15BF4B00BB7118 /* Attributor */;
			targetProxy = BBE3C8961B15BF4B00BB7118 /* PBXContainerItemProxy */;
		};
/* End PBXTargetDependency section */

/* Begin PBXVariantGroup section */
		BBE3C8891B15BF4B00BB7118 /* Main.storyboard */ = {
			isa = PBXVariantGroup;
			children = (
				BBE3C88A1B15BF4B00BB7118 /* Base */,
			);
			name = Main.storyboard;
			sourceTree = "<group>";
		};
		BBE3C88E1B15BF4B00BB7118 /* LaunchScreen.xib */ = {
			isa = PBXVariantGroup;
			children = (
				BBE3C88F1B15BF4B00BB7118 /* Base */,
			);
			name = LaunchScreen.xib;
			sourceTree = "<group>";
		};
/* End PBXVariantGroup section */

/* Begin XCBuildConfiguration section */
		BBE3C89D1B15BF4B00BB7118 /* Debug */ = {
			isa = XCBuildConfiguration;
			buildSettings = {
				ALWAYS_SEARCH_USER_PATHS = NO;
				CLANG_CXX_LANGUAGE_STANDARD = "gnu++0x";
				CLANG_CXX_LIBRARY = "libc++";
				CLANG_ENABLE_MODULES = YES;
				CLANG_ENABLE_OBJC_ARC = YES;
				CLANG_WARN_BOOL_CONVERSION = YES;
				CLANG_WARN_CONSTANT_CONVERSION = YES;
				CLANG_WARN_DIRECT_OBJC_ISA_USAGE = YES_ERROR;
				CLANG_WARN_EMPTY_BODY = YES;
				CLANG_WARN_ENUM_CONVERSION = YES;
				CLANG_WARN_INT_CONVERSION = YES;
				CLANG_WARN_OBJC_ROOT_CLASS = YES_ERROR;
				CLANG_WARN_UNREACHABLE_CODE = YES;
				CLANG_WARN__DUPLICATE_METHOD_MATCH = YES;
				"CODE_SIGN_IDENTITY[sdk=iphoneos*]" = "iPhone Developer";
				COPY_PHASE_STRIP = NO;
				ENABLE_STRICT_OBJC_MSGSEND = YES;
				GCC_C_LANGUAGE_STANDARD = gnu99;
				GCC_DYNAMIC_NO_PIC = NO;
				GCC_OPTIMIZATION_LEVEL = 0;
				GCC_PREPROCESSOR_DEFINITIONS = (
					"DEBUG=1",
					"$(inherited)",
				);
				GCC_SYMBOLS_PRIVATE_EXTERN = NO;
				GCC_WARN_64_TO_32_BIT_CONVERSION = YES;
				GCC_WARN_ABOUT_RETURN_TYPE = YES_ERROR;
				GCC_WARN_UNDECLARED_SELECTOR = YES;
				GCC_WARN_UNINITIALIZED_AUTOS = YES_AGGRESSIVE;
				GCC_WARN_UNUSED_FUNCTION = YES;
				GCC_WARN_UNUSED_VARIABLE = YES;
				IPHONEOS_DEPLOYMENT_TARGET = 8.1;
				MTL_ENABLE_DEBUG_INFO = YES;
				ONLY_ACTIVE_ARCH = YES;
				SDKROOT = iphoneos;
			};
			name = Debug;
		};
		BBE3C89E1B15BF4B00BB7118 /* Release */ = {
			isa = XCBuildConfiguration;
			buildSettings = {
				ALWAYS_SEARCH_USER_PATHS = NO;
				CLANG_CXX_LANGUAGE_STANDARD = "gnu++0x";
				CLANG_CXX_LIBRARY = "libc++";
				CLANG_ENABLE_MODULES = YES;
				CLANG_ENABLE_OBJC_ARC = YES;
				CLANG_WARN_BOOL_CONVERSION = YES;
				CLANG_WARN_CONSTANT_CONVERSION = YES;
				CLANG_WARN_DIRECT_OBJC_ISA_USAGE = YES_ERROR;
				CLANG_WARN_EMPTY_BODY = YES;
				CLANG_WARN_ENUM_CONVERSION = YES;
				CLANG_WARN_INT_CONVERSION = YES;
				CLANG_WARN_OBJC_ROOT_CLASS = YES_ERROR;
				CLANG_WARN_UNREACHABLE_CODE = YES;
				CLANG_WARN__DUPLICATE_METHOD_MATCH = YES;
				"CODE_SIGN_IDENTITY[sdk=iphoneos*]" = "iPhone Developer";
				COPY_PHASE_STRIP = YES;
				ENABLE_NS_ASSERTIONS = NO;
				ENABLE_STRICT_OBJC_MSGSEND = YES;
				GCC_C_LANGUAGE_STANDARD = gnu99;
				GCC_WARN_64_TO_32_BIT_CONVERSION = YES;
				GCC_WARN_ABOUT_RETURN_TYPE = YES_ERROR;
				GCC_WARN_UNDECLARED_SELECTOR = YES;
				GCC_WARN_UNINITIALIZED_AUTOS = YES_AGGRESSIVE;
				GCC_WARN_UNUSED_FUNCTION = YES;
				GCC_WARN_UNUSED_VARIABLE = YES;
				IPHONEOS_DEPLOYMENT_TARGET = 8.1;
				MTL_ENABLE_DEBUG_INFO = NO;
				SDKROOT = iphoneos;
				VALIDATE_PRODUCT = YES;
			};
			name = Release;
		};
		BBE3C8A01B15BF4B00BB7118 /* Debug */ = {
			isa = XCBuildConfiguration;
			buildSettings = {
				ASSETCATALOG_COMPILER_APPICON_NAME = AppIcon;
				INFOPLIST_FILE = Attributor/Info.plist;
				LD_RUNPATH_SEARCH_PATHS = "$(inherited) @executable_path/Frameworks";
				PRODUCT_NAME = "$(TARGET_NAME)";
			};
			name = Debug;
		};
		BBE3C8A11B15BF4B00BB7118 /* Release */ = {
			isa = XCBuildConfiguration;
			buildSettings = {
				ASSETCATALOG_COMPILER_APPICON_NAME = AppIcon;
				INFOPLIST_FILE = Attributor/Info.plist;
				LD_RUNPATH_SEARCH_PATHS = "$(inherited) @executable_path/Frameworks";
				PRODUCT_NAME = "$(TARGET_NAME)";
			};
			name = Release;
		};
		BBE3C8A31B15BF4B00BB7118 /* Debug */ = {
			isa = XCBuildConfiguration;
			buildSettings = {
				BUNDLE_LOADER = "$(TEST_HOST)";
				FRAMEWORK_SEARCH_PATHS = (
					"$(SDKROOT)/Developer/Library/Frameworks",
					"$(inherited)",
				);
				GCC_PREPROCESSOR_DEFINITIONS = (
					"DEBUG=1",
					"$(inherited)",
				);
				INFOPLIST_FILE = AttributorTests/Info.plist;
				LD_RUNPATH_SEARCH_PATHS = "$(inherited) @executable_path/Frameworks @loader_path/Frameworks";
				PRODUCT_NAME = "$(TARGET_NAME)";
				TEST_HOST = "$(BUILT_PRODUCTS_DIR)/Attributor.app/Attributor";
			};
			name = Debug;
		};
		BBE3C8A41B15BF4B00BB7118 /* Release */ = {
			isa = XCBuildConfiguration;
			buildSettings = {
				BUNDLE_LOADER = "$(TEST_HOST)";
				FRAMEWORK_SEARCH_PATHS = (
					"$(SDKROOT)/Developer/Library/Frameworks",
					"$(inherited)",
				);
				INFOPLIST_FILE = AttributorTests/Info.plist;
				LD_RUNPATH_SEARCH_PATHS = "$(inherited) @executable_path/Frameworks @loader_path/Frameworks";
				PRODUCT_NAME = "$(TARGET_NAME)";
				TEST_HOST = "$(BUILT_PRODUCTS_DIR)/Attributor.app/Attributor";
			};
			name = Release;
		};
/* End XCBuildConfiguration section */

/* Begin XCConfigurationList section */
		BBE3C8771B15BF4B00BB7118 /* Build configuration list for PBXProject "Attributor" */ = {
			isa = XCConfigurationList;
			buildConfigurations = (
				BBE3C89D1B15BF4B00BB7118 /* Debug */,
				BBE3C89E1B15BF4B00BB7118 /* Release */,
			);
			defaultConfigurationIsVisible = 0;
			defaultConfigurationName = Release;
		};
		BBE3C89F1B15BF4B00BB7118 /* Build configuration list for PBXNativeTarget "Attributor" */ = {
			isa = XCConfigurationList;
			buildConfigurations = (
				BBE3C8A01B15BF4B00BB7118 /* Debug */,
				BBE3C8A11B15BF4B00BB7118 /* Release */,
			);
			defaultConfigurationIsVisible = 0;
			defaultConfigurationName = Release;
		};
		BBE3C8A21B15BF4B00BB7118 /* Build configuration list for PBXNativeTarget "AttributorTests" */ = {
			isa = XCConfigurationList;
			buildConfigurations = (
				BBE3C8A31B15BF4B00BB7118 /* Debug */,
				BBE3C8A41B15BF4B00BB7118 /* Release */,
			);
			defaultConfigurationIsVisible = 0;
			defaultConfigurationName = Release;
		};
/* End XCConfigurationList section */
	};
	rootObject = BBE3C8741B15BF4B00BB7118 /* Project object */;
}
